
Microsoft Visual Studio Solution File, Format Version 12.00
# Visual Studio 15
VisualStudioVersion = 15.0.28307.757
MinimumVisualStudioVersion = 10.0.40219.1
Project("{2150E333-8FDC-42A3-9474-1A3956D46DE8}") = "Microservices", "Microservices", "{B4F61DF1-341B-4962-8647-42AA7BE4844F}"
EndProject
Project("{2150E333-8FDC-42A3-9474-1A3956D46DE8}") = "Domain", "Domain", "{4401065B-37A4-4B24-A315-E682D0BB56BE}"
EndProject
Project("{2150E333-8FDC-42A3-9474-1A3956D46DE8}") = "Infra.Bus", "Infra.Bus", "{1BFDF9DA-1EE6-4EE7-8439-618A830B9312}"
EndProject
Project("{2150E333-8FDC-42A3-9474-1A3956D46DE8}") = "Infra.IOC", "Infra.IOC", "{BF586334-03E2-4766-9856-3C1AAC3ED391}"
EndProject
Project("{2150E333-8FDC-42A3-9474-1A3956D46DE8}") = "Presentation", "Presentation", "{7C0B180F-63E5-417E-8C86-7627B964ECB1}"
EndProject
Project("{9A19103F-16F7-4668-BE54-9A1E7A4F7556}") = "MicroRabbit.Domain.Core", "MicroRabbit.Domain.Core\MicroRabbit.Domain.Core.csproj", "{C58DB831-E173-4C45-A627-D94CB2B4DA1C}"
EndProject
Project("{9A19103F-16F7-4668-BE54-9A1E7A4F7556}") = "MicroRabbit.Infra.Bus", "MicroRabbit.Infra.Bus\MicroRabbit.Infra.Bus.csproj", "{5B1C6DE9-77FF-4E66-A30D-A024BA73D46A}"
EndProject
Project("{9A19103F-16F7-4668-BE54-9A1E7A4F7556}") = "MicroRabbit.Infra.IoC", "MicroRabbit.Infra.IoC\MicroRabbit.Infra.IoC.csproj", "{200F20AD-0D81-48E3-8DC5-30CBC743CF9E}"
EndProject
Project("{2150E333-8FDC-42A3-9474-1A3956D46DE8}") = "Banking", "Banking", "{046CDF97-9F65-4566-9A0A-D079F079332E}"
EndProject
Project("{2150E333-8FDC-42A3-9474-1A3956D46DE8}") = "Notification", "Notification", "{BBF86AD9-80FC-4FF1-9050-797B3C03808B}"
EndProject
Project("{2150E333-8FDC-42A3-9474-1A3956D46DE8}") = "Email", "Email", "{6CDCB56F-E14C-423D-99E3-928D8AB192D0}"
EndProject
Project("{2150E333-8FDC-42A3-9474-1A3956D46DE8}") = "Api", "Api", "{D6905353-177E-4E3E-943C-4B99F1A23B84}"
EndProject
Project("{2150E333-8FDC-42A3-9474-1A3956D46DE8}") = "Domain", "Domain", "{A5209D23-D814-40FD-954D-E4750E436F6D}"
EndProject
Project("{2150E333-8FDC-42A3-9474-1A3956D46DE8}") = "Application", "Application", "{68A3F22C-9740-43F0-9861-73029D5E260E}"
EndProject
Project("{2150E333-8FDC-42A3-9474-1A3956D46DE8}") = "Data", "Data", "{65EA7475-1953-4F7D-B8AB-B182AF9DE1A6}"
EndProject
Project("{9A19103F-16F7-4668-BE54-9A1E7A4F7556}") = "MicroRabbit.Banking.Api", "MicroRabbit.Banking.Api\MicroRabbit.Banking.Api.csproj", "{E20FB616-ED1C-4DAD-B397-D5AA7431B8B9}"
EndProject
Project("{9A19103F-16F7-4668-BE54-9A1E7A4F7556}") = "MicroRabbit.Banking.Application", "MicroRabbit.Banking.Application\MicroRabbit.Banking.Application.csproj", "{DBD8F4D0-BBF6-4115-8706-557FC40AF82E}"
EndProject
Project("{9A19103F-16F7-4668-BE54-9A1E7A4F7556}") = "MicroRabbit.Banking.Data", "MicroRabbit.Banking.Data\MicroRabbit.Banking.Data.csproj", "{199CE1DB-1CBA-4182-8D03-B08DBA04DF45}"
EndProject
Project("{9A19103F-16F7-4668-BE54-9A1E7A4F7556}") = "MicroRabbit.Banking.Domain", "MicroRabbit.Banking.Domain\MicroRabbit.Banking.Domain.csproj", "{A707E142-8B9F-4409-891A-B07964C78300}"
EndProject
Project("{2150E333-8FDC-42A3-9474-1A3956D46DE8}") = "Transfer", "Transfer", "{94EA828A-D572-49E3-8348-813B4A8A60A8}"
EndProject
Project("{2150E333-8FDC-42A3-9474-1A3956D46DE8}") = "Api", "Api", "{1BE1A7FB-90C2-449D-B0AA-D6A3C1CFB92E}"
EndProject
Project("{2150E333-8FDC-42A3-9474-1A3956D46DE8}") = "Application", "Application", "{0A91B348-2A08-4E2B-BE1B-22FC19333E4C}"
EndProject
Project("{2150E333-8FDC-42A3-9474-1A3956D46DE8}") = "Data", "Data", "{7950B80C-E75D-4786-8B4B-B7B5D90E145A}"
EndProject
Project("{2150E333-8FDC-42A3-9474-1A3956D46DE8}") = "Domain", "Domain", "{A81DEFF7-7CF7-42F9-8EFC-32737355F14B}"
EndProject
Project("{9A19103F-16F7-4668-BE54-9A1E7A4F7556}") = "MicroRabbit.Transfer.Api", "MicroRabbit.Transfer.Api\MicroRabbit.Transfer.Api.csproj", "{CDEA84A3-5D36-4810-BADC-B4EC5C30B2A6}"
EndProject
Project("{9A19103F-16F7-4668-BE54-9A1E7A4F7556}") = "MicroRabbit.Transfer.Application", "MicroRabbit.Transfer.Application\MicroRabbit.Transfer.Application.csproj", "{EA27E6AD-F454-4409-B9B7-F378566CB005}"
EndProject
Project("{9A19103F-16F7-4668-BE54-9A1E7A4F7556}") = "MicroRabbit.Transfer.Domain", "MicroRabbit.Transfer.Domain\MicroRabbit.Transfer.Domain.csproj", "{E3F596EA-4DF4-42E9-B4E0-53FD892FAA3D}"
EndProject
Project("{9A19103F-16F7-4668-BE54-9A1E7A4F7556}") = "MicroRabbit.Transfer.Data", "MicroRabbit.Transfer.Data\MicroRabbit.Transfer.Data.csproj", "{38DCD048-3942-4921-92F4-23C1D6E996E1}"
EndProject
Project("{FAE04EC0-301F-11D3-BF4B-00C04F79EFBC}") = "MicroRabbit.MVC", "MicroRabbit.MVC\MicroRabbit.MVC.csproj", "{8523C588-4DC8-4BDB-B043-E2D7CB1C0251}"
EndProject
Global
	GlobalSection(SolutionConfigurationPlatforms) = preSolution
		Debug|Any CPU = Debug|Any CPU
		Release|Any CPU = Release|Any CPU
	EndGlobalSection
	GlobalSection(ProjectConfigurationPlatforms) = postSolution
		{C58DB831-E173-4C45-A627-D94CB2B4DA1C}.Debug|Any CPU.ActiveCfg = Debug|Any CPU
		{C58DB831-E173-4C45-A627-D94CB2B4DA1C}.Debug|Any CPU.Build.0 = Debug|Any CPU
		{C58DB831-E173-4C45-A627-D94CB2B4DA1C}.Release|Any CPU.ActiveCfg = Release|Any CPU
		{C58DB831-E173-4C45-A627-D94CB2B4DA1C}.Release|Any CPU.Build.0 = Release|Any CPU
		{5B1C6DE9-77FF-4E66-A30D-A024BA73D46A}.Debug|Any CPU.ActiveCfg = Debug|Any CPU
		{5B1C6DE9-77FF-4E66-A30D-A024BA73D46A}.Debug|Any CPU.Build.0 = Debug|Any CPU
		{5B1C6DE9-77FF-4E66-A30D-A024BA73D46A}.Release|Any CPU.ActiveCfg = Release|Any CPU
		{5B1C6DE9-77FF-4E66-A30D-A024BA73D46A}.Release|Any CPU.Build.0 = Release|Any CPU
		{200F20AD-0D81-48E3-8DC5-30CBC743CF9E}.Debug|Any CPU.ActiveCfg = Debug|Any CPU
		{200F20AD-0D81-48E3-8DC5-30CBC743CF9E}.Debug|Any CPU.Build.0 = Debug|Any CPU
		{200F20AD-0D81-48E3-8DC5-30CBC743CF9E}.Release|Any CPU.ActiveCfg = Release|Any CPU
		{200F20AD-0D81-48E3-8DC5-30CBC743CF9E}.Release|Any CPU.Build.0 = Release|Any CPU
		{E20FB616-ED1C-4DAD-B397-D5AA7431B8B9}.Debug|Any CPU.ActiveCfg = Debug|Any CPU
		{E20FB616-ED1C-4DAD-B397-D5AA7431B8B9}.Debug|Any CPU.Build.0 = Debug|Any CPU
		{E20FB616-ED1C-4DAD-B397-D5AA7431B8B9}.Release|Any CPU.ActiveCfg = Release|Any CPU
		{E20FB616-ED1C-4DAD-B397-D5AA7431B8B9}.Release|Any CPU.Build.0 = Release|Any CPU
		{DBD8F4D0-BBF6-4115-8706-557FC40AF82E}.Debug|Any CPU.ActiveCfg = Debug|Any CPU
		{DBD8F4D0-BBF6-4115-8706-557FC40AF82E}.Debug|Any CPU.Build.0 = Debug|Any CPU
		{DBD8F4D0-BBF6-4115-8706-557FC40AF82E}.Release|Any CPU.ActiveCfg = Release|Any CPU
		{DBD8F4D0-BBF6-4115-8706-557FC40AF82E}.Release|Any CPU.Build.0 = Release|Any CPU
		{199CE1DB-1CBA-4182-8D03-B08DBA04DF45}.Debug|Any CPU.ActiveCfg = Debug|Any CPU
		{199CE1DB-1CBA-4182-8D03-B08DBA04DF45}.Debug|Any CPU.Build.0 = Debug|Any CPU
		{199CE1DB-1CBA-4182-8D03-B08DBA04DF45}.Release|Any CPU.ActiveCfg = Release|Any CPU
		{199CE1DB-1CBA-4182-8D03-B08DBA04DF45}.Release|Any CPU.Build.0 = Release|Any CPU
		{A707E142-8B9F-4409-891A-B07964C78300}.Debug|Any CPU.ActiveCfg = Debug|Any CPU
		{A707E142-8B9F-4409-891A-B07964C78300}.Debug|Any CPU.Build.0 = Debug|Any CPU
		{A707E142-8B9F-4409-891A-B07964C78300}.Release|Any CPU.ActiveCfg = Release|Any CPU
		{A707E142-8B9F-4409-891A-B07964C78300}.Release|Any CPU.Build.0 = Release|Any CPU
		{CDEA84A3-5D36-4810-BADC-B4EC5C30B2A6}.Debug|Any CPU.ActiveCfg = Debug|Any CPU
		{CDEA84A3-5D36-4810-BADC-B4EC5C30B2A6}.Debug|Any CPU.Build.0 = Debug|Any CPU
		{CDEA84A3-5D36-4810-BADC-B4EC5C30B2A6}.Release|Any CPU.ActiveCfg = Release|Any CPU
		{CDEA84A3-5D36-4810-BADC-B4EC5C30B2A6}.Release|Any CPU.Build.0 = Release|Any CPU
		{EA27E6AD-F454-4409-B9B7-F378566CB005}.Debug|Any CPU.ActiveCfg = Debug|Any CPU
		{EA27E6AD-F454-4409-B9B7-F378566CB005}.Debug|Any CPU.Build.0 = Debug|Any CPU
		{EA27E6AD-F454-4409-B9B7-F378566CB005}.Release|Any CPU.ActiveCfg = Release|Any CPU
		{EA27E6AD-F454-4409-B9B7-F378566CB005}.Release|Any CPU.Build.0 = Release|Any CPU
		{E3F596EA-4DF4-42E9-B4E0-53FD892FAA3D}.Debug|Any CPU.ActiveCfg = Debug|Any CPU
		{E3F596EA-4DF4-42E9-B4E0-53FD892FAA3D}.Debug|Any CPU.Build.0 = Debug|Any CPU
		{E3F596EA-4DF4-42E9-B4E0-53FD892FAA3D}.Release|Any CPU.ActiveCfg = Release|Any CPU
		{E3F596EA-4DF4-42E9-B4E0-53FD892FAA3D}.Release|Any CPU.Build.0 = Release|Any CPU
		{38DCD048-3942-4921-92F4-23C1D6E996E1}.Debug|Any CPU.ActiveCfg = Debug|Any CPU
		{38DCD048-3942-4921-92F4-23C1D6E996E1}.Debug|Any CPU.Build.0 = Debug|Any CPU
		{38DCD048-3942-4921-92F4-23C1D6E996E1}.Release|Any CPU.ActiveCfg = Release|Any CPU
		{38DCD048-3942-4921-92F4-23C1D6E996E1}.Release|Any CPU.Build.0 = Release|Any CPU
		{8523C588-4DC8-4BDB-B043-E2D7CB1C0251}.Debug|Any CPU.ActiveCfg = Debug|Any CPU
		{8523C588-4DC8-4BDB-B043-E2D7CB1C0251}.Debug|Any CPU.Build.0 = Debug|Any CPU
		{8523C588-4DC8-4BDB-B043-E2D7CB1C0251}.Release|Any CPU.ActiveCfg = Release|Any CPU
		{8523C588-4DC8-4BDB-B043-E2D7CB1C0251}.Release|Any CPU.Build.0 = Release|Any CPU
	EndGlobalSection
	GlobalSection(SolutionProperties) = preSolution
		HideSolutionNode = FALSE
	EndGlobalSection
	GlobalSection(NestedProjects) = preSolution
		{C58DB831-E173-4C45-A627-D94CB2B4DA1C} = {4401065B-37A4-4B24-A315-E682D0BB56BE}
		{5B1C6DE9-77FF-4E66-A30D-A024BA73D46A} = {1BFDF9DA-1EE6-4EE7-8439-618A830B9312}
		{200F20AD-0D81-48E3-8DC5-30CBC743CF9E} = {BF586334-03E2-4766-9856-3C1AAC3ED391}
		{046CDF97-9F65-4566-9A0A-D079F079332E} = {B4F61DF1-341B-4962-8647-42AA7BE4844F}
		{BBF86AD9-80FC-4FF1-9050-797B3C03808B} = {B4F61DF1-341B-4962-8647-42AA7BE4844F}
		{6CDCB56F-E14C-423D-99E3-928D8AB192D0} = {B4F61DF1-341B-4962-8647-42AA7BE4844F}
		{D6905353-177E-4E3E-943C-4B99F1A23B84} = {046CDF97-9F65-4566-9A0A-D079F079332E}
		{A5209D23-D814-40FD-954D-E4750E436F6D} = {046CDF97-9F65-4566-9A0A-D079F079332E}
		{68A3F22C-9740-43F0-9861-73029D5E260E} = {046CDF97-9F65-4566-9A0A-D079F079332E}
		{65EA7475-1953-4F7D-B8AB-B182AF9DE1A6} = {046CDF97-9F65-4566-9A0A-D079F079332E}
		{E20FB616-ED1C-4DAD-B397-D5AA7431B8B9} = {D6905353-177E-4E3E-943C-4B99F1A23B84}
		{DBD8F4D0-BBF6-4115-8706-557FC40AF82E} = {68A3F22C-9740-43F0-9861-73029D5E260E}
		{199CE1DB-1CBA-4182-8D03-B08DBA04DF45} = {65EA7475-1953-4F7D-B8AB-B182AF9DE1A6}
		{A707E142-8B9F-4409-891A-B07964C78300} = {A5209D23-D814-40FD-954D-E4750E436F6D}
		{94EA828A-D572-49E3-8348-813B4A8A60A8} = {B4F61DF1-341B-4962-8647-42AA7BE4844F}
		{1BE1A7FB-90C2-449D-B0AA-D6A3C1CFB92E} = {94EA828A-D572-49E3-8348-813B4A8A60A8}
		{0A91B348-2A08-4E2B-BE1B-22FC19333E4C} = {94EA828A-D572-49E3-8348-813B4A8A60A8}
		{7950B80C-E75D-4786-8B4B-B7B5D90E145A} = {94EA828A-D572-49E3-8348-813B4A8A60A8}
		{A81DEFF7-7CF7-42F9-8EFC-32737355F14B} = {94EA828A-D572-49E3-8348-813B4A8A60A8}
		{CDEA84A3-5D36-4810-BADC-B4EC5C30B2A6} = {1BE1A7FB-90C2-449D-B0AA-D6A3C1CFB92E}
		{EA27E6AD-F454-4409-B9B7-F378566CB005} = {0A91B348-2A08-4E2B-BE1B-22FC19333E4C}
		{E3F596EA-4DF4-42E9-B4E0-53FD892FAA3D} = {A81DEFF7-7CF7-42F9-8EFC-32737355F14B}
		{38DCD048-3942-4921-92F4-23C1D6E996E1} = {7950B80C-E75D-4786-8B4B-B7B5D90E145A}
		{8523C588-4DC8-4BDB-B043-E2D7CB1C0251} = {7C0B180F-63E5-417E-8C86-7627B964ECB1}
	EndGlobalSection
	GlobalSection(ExtensibilityGlobals) = postSolution
		SolutionGuid = {1C36EABB-2500-449B-802F-05E9F652AD94}
	EndGlobalSection
EndGlobal
