
Microsoft Visual Studio Solution File, Format Version 12.00
# Visual Studio 15
VisualStudioVersion = 15.0.28307.757
MinimumVisualStudioVersion = 10.0.40219.1
Project("{2150E333-8FDC-42A3-9474-1A3956D46DE8}") = "Microservices", "Microservices", "{B4F61DF1-341B-4962-8647-42AA7BE4844F}"
EndProject
Project("{2150E333-8FDC-42A3-9474-1A3956D46DE8}") = "Domain", "Domain", "{4401065B-37A4-4B24-A315-E682D0BB56BE}"
EndProject
Project("{2150E333-8FDC-42A3-9474-1A3956D46DE8}") = "Infra.Bus", "Infra.Bus", "{1BFDF9DA-1EE6-4EE7-8439-618A830B9312}"
EndProject
Project("{2150E333-8FDC-42A3-9474-1A3956D46DE8}") = "Infra.IOC", "Infra.IOC", "{BF586334-03E2-4766-9856-3C1AAC3ED391}"
EndProject
Project("{2150E333-8FDC-42A3-9474-1A3956D46DE8}") = "Presentation", "Presentation", "{7C0B180F-63E5-417E-8C86-7627B964ECB1}"
EndProject
Project("{9A19103F-16F7-4668-BE54-9A1E7A4F7556}") = "MicroRabbit.Domain.Core", "MicroRabbit.Domain.Core\MicroRabbit.Domain.Core.csproj", "{C58DB831-E173-4C45-A627-D94CB2B4DA1C}"
EndProject
Project("{9A19103F-16F7-4668-BE54-9A1E7A4F7556}") = "MicroRabbit.Infra.Bus", "MicroRabbit.Infra.Bus\MicroRabbit.Infra.Bus.csproj", "{5B1C6DE9-77FF-4E66-A30D-A024BA73D46A}"
EndProject
Project("{FAE04EC0-301F-11D3-BF4B-00C04F79EFBC}") = "MicroRabbit.Infra.IoC", "MicroRabbit.Infra.IoC\MicroRabbit.Infra.IoC.csproj", "{200F20AD-0D81-48E3-8DC5-30CBC743CF9E}"
EndProject
Global
	GlobalSection(SolutionConfigurationPlatforms) = preSolution
		Debug|Any CPU = Debug|Any CPU
		Release|Any CPU = Release|Any CPU
	EndGlobalSection
	GlobalSection(ProjectConfigurationPlatforms) = postSolution
		{C58DB831-E173-4C45-A627-D94CB2B4DA1C}.Debug|Any CPU.ActiveCfg = Debug|Any CPU
		{C58DB831-E173-4C45-A627-D94CB2B4DA1C}.Debug|Any CPU.Build.0 = Debug|Any CPU
		{C58DB831-E173-4C45-A627-D94CB2B4DA1C}.Release|Any CPU.ActiveCfg = Release|Any CPU
		{C58DB831-E173-4C45-A627-D94CB2B4DA1C}.Release|Any CPU.Build.0 = Release|Any CPU
		{5B1C6DE9-77FF-4E66-A30D-A024BA73D46A}.Debug|Any CPU.ActiveCfg = Debug|Any CPU
		{5B1C6DE9-77FF-4E66-A30D-A024BA73D46A}.Debug|Any CPU.Build.0 = Debug|Any CPU
		{5B1C6DE9-77FF-4E66-A30D-A024BA73D46A}.Release|Any CPU.ActiveCfg = Release|Any CPU
		{5B1C6DE9-77FF-4E66-A30D-A024BA73D46A}.Release|Any CPU.Build.0 = Release|Any CPU
		{200F20AD-0D81-48E3-8DC5-30CBC743CF9E}.Debug|Any CPU.ActiveCfg = Debug|Any CPU
		{200F20AD-0D81-48E3-8DC5-30CBC743CF9E}.Debug|Any CPU.Build.0 = Debug|Any CPU
		{200F20AD-0D81-48E3-8DC5-30CBC743CF9E}.Release|Any CPU.ActiveCfg = Release|Any CPU
		{200F20AD-0D81-48E3-8DC5-30CBC743CF9E}.Release|Any CPU.Build.0 = Release|Any CPU
	EndGlobalSection
	GlobalSection(SolutionProperties) = preSolution
		HideSolutionNode = FALSE
	EndGlobalSection
	GlobalSection(NestedProjects) = preSolution
		{C58DB831-E173-4C45-A627-D94CB2B4DA1C} = {4401065B-37A4-4B24-A315-E682D0BB56BE}
		{5B1C6DE9-77FF-4E66-A30D-A024BA73D46A} = {1BFDF9DA-1EE6-4EE7-8439-618A830B9312}
		{200F20AD-0D81-48E3-8DC5-30CBC743CF9E} = {BF586334-03E2-4766-9856-3C1AAC3ED391}
	EndGlobalSection
	GlobalSection(ExtensibilityGlobals) = postSolution
		SolutionGuid = {1C36EABB-2500-449B-802F-05E9F652AD94}
	EndGlobalSection
EndGlobal
